
Microsoft Visual Studio Solution File, Format Version 12.00
# Visual Studio 14
VisualStudioVersion = 14.0.25420.1
MinimumVisualStudioVersion = 10.0.40219.1
Project("{2150E333-8FDC-42A3-9474-1A3956D46DE8}") = "src", "src", "{6EB61ECC-D7B6-40CA-AB5F-E7F00D29FDBF}"
EndProject
Project("{2150E333-8FDC-42A3-9474-1A3956D46DE8}") = "Solution Items", "Solution Items", "{DB5910DE-BF34-4CEA-8169-6FA268A97702}"
	ProjectSection(SolutionItems) = preProject
		global.json = global.json
	EndProjectSection
EndProject
Project("{8BB2217D-0F2D-49D1-97BC-3654ED321F3B}") = "NukeCommander", "src\NukeCommander\NukeCommander.xproj", "{EC89851A-91AD-4C4B-B462-DC7A6FA5DE60}"
EndProject
Global
	GlobalSection(SolutionConfigurationPlatforms) = preSolution
		Debug|Any CPU = Debug|Any CPU
		Release|Any CPU = Release|Any CPU
	EndGlobalSection
	GlobalSection(ProjectConfigurationPlatforms) = postSolution
		{EC89851A-91AD-4C4B-B462-DC7A6FA5DE60}.Debug|Any CPU.ActiveCfg = Debug|Any CPU
		{EC89851A-91AD-4C4B-B462-DC7A6FA5DE60}.Debug|Any CPU.Build.0 = Debug|Any CPU
		{EC89851A-91AD-4C4B-B462-DC7A6FA5DE60}.Release|Any CPU.ActiveCfg = Release|Any CPU
		{EC89851A-91AD-4C4B-B462-DC7A6FA5DE60}.Release|Any CPU.Build.0 = Release|Any CPU
	EndGlobalSection
	GlobalSection(SolutionProperties) = preSolution
		HideSolutionNode = FALSE
	EndGlobalSection
	GlobalSection(NestedProjects) = preSolution
		{EC89851A-91AD-4C4B-B462-DC7A6FA5DE60} = {6EB61ECC-D7B6-40CA-AB5F-E7F00D29FDBF}
	EndGlobalSection
EndGlobal
